<?xml version="1.0" encoding="utf-8"?>
<Project ToolsVersion="4.0" xmlns="http://schemas.microsoft.com/developer/msbuild/2003">
  <ItemGroup>
    <Filter Include="Source Files">
      <UniqueIdentifier>{4FC737F1-C7A5-4376-A066-2A32D752A2FF}</UniqueIdentifier>
      <Extensions>cpp;c;cc;cxx;c++;cppm;ixx;def;odl;idl;hpj;bat;asm;asmx</Extensions>
    </Filter>
    <Filter Include="Resource Files">
      <UniqueIdentifier>{67DA6AB6-F800-4c08-8B7A-83BB121AAD01}</UniqueIdentifier>
      <Extensions>rc;ico;cur;bmp;dlg;rc2;rct;bin;rgs;gif;jpg;jpeg;jpe;resx;tiff;tif;png;wav;mfcribbon-ms</Extensions>
    </Filter>
    <Filter Include="Shaders">
      <UniqueIdentifier>{e35ba16c-0b47-4f6b-a710-28cafd70305e}</UniqueIdentifier>
    </Filter>
    <Filter Include="Shaders\PostProcessing">
      <UniqueIdentifier>{7de19338-a8f6-4043-bcf2-297df873ba98}</UniqueIdentifier>
    </Filter>
    <Filter Include="Shaders\Deprecated">
      <UniqueIdentifier>{2498d415-8504-46f1-92ab-f27f6e05105e}</UniqueIdentifier>
    </Filter>
    <Filter Include="Source Files\Managers">
      <UniqueIdentifier>{895e7105-2ea0-4b69-928d-5cfebf961300}</UniqueIdentifier>
    </Filter>
    <Filter Include="Source Files\Helpers">
      <UniqueIdentifier>{b4af68d2-d6ad-4232-8644-db1db5fb609a}</UniqueIdentifier>
    </Filter>
    <Filter Include="Source Files\Primitives">
      <UniqueIdentifier>{57cc2e6e-b749-4f74-b2cc-c866c54d49d4}</UniqueIdentifier>
    </Filter>
    <Filter Include="Source Files\Collections">
      <UniqueIdentifier>{7839e5b7-7164-4d72-a46d-c2388612d05c}</UniqueIdentifier>
    </Filter>
    <Filter Include="Shaders\2D">
      <UniqueIdentifier>{b4d655ed-c0ad-4247-b69d-03bd1cf7d249}</UniqueIdentifier>
    </Filter>
    <Filter Include="Shaders\Effect">
      <UniqueIdentifier>{4fff079d-c879-4034-804a-12d39779a2e4}</UniqueIdentifier>
    </Filter>
    <Filter Include="Source Files\Scenes">
      <UniqueIdentifier>{6ac70585-317d-4810-af46-7257cff0efd9}</UniqueIdentifier>
    </Filter>
    <Filter Include="Source Files\Interfaces">
      <UniqueIdentifier>{1051f6ab-d9e6-4289-9251-cda07524f2ea}</UniqueIdentifier>
    </Filter>
  </ItemGroup>
  <ItemGroup>
    <ResourceCompile Include="GraphicsEngine.rc">
      <Filter>Resource Files</Filter>
    </ResourceCompile>
  </ItemGroup>
  <ItemGroup>
    <Image Include="small.ico">
      <Filter>Resource Files</Filter>
    </Image>
    <Image Include="GraphicsEngine.ico">
      <Filter>Resource Files</Filter>
    </Image>
  </ItemGroup>
  <ItemGroup>
    <ClInclude Include="ApplicationClass.h">
      <Filter>Source Files\Managers</Filter>
    </ClInclude>
    <ClInclude Include="d3dclass.h">
      <Filter>Source Files\Managers</Filter>
    </ClInclude>
    <ClInclude Include="SystemClass.h">
      <Filter>Source Files\Managers</Filter>
    </ClInclude>
    <ClInclude Include="RenderClass.h">
      <Filter>Source Files\Managers</Filter>
    </ClInclude>
    <ClInclude Include="TimerClass.h">
      <Filter>Source Files\Helpers</Filter>
    </ClInclude>
    <ClInclude Include="ModelParser.h">
      <Filter>Source Files\Helpers</Filter>
    </ClInclude>
    <ClInclude Include="LightClass.h">
      <Filter>Source Files\Helpers</Filter>
    </ClInclude>
    <ClInclude Include="InputClass.h">
      <Filter>Source Files\Helpers</Filter>
    </ClInclude>
    <ClInclude Include="FrustumClass.h">
      <Filter>Source Files\Helpers</Filter>
    </ClInclude>
    <ClInclude Include="FPSClass.h">
      <Filter>Source Files\Helpers</Filter>
    </ClInclude>
    <ClInclude Include="CameraClass.h">
      <Filter>Source Files\Helpers</Filter>
    </ClInclude>
    <ClInclude Include="BitMapClass.h">
      <Filter>Source Files\Primitives</Filter>
    </ClInclude>
    <ClInclude Include="FontClass.h">
      <Filter>Source Files\Primitives</Filter>
    </ClInclude>
    <ClInclude Include="ModelClass.h">
      <Filter>Source Files\Primitives</Filter>
    </ClInclude>
    <ClInclude Include="RenderTextureClass.h">
      <Filter>Source Files\Primitives</Filter>
    </ClInclude>
    <ClInclude Include="TextureClass.h">
      <Filter>Source Files\Primitives</Filter>
    </ClInclude>
    <ClInclude Include="TextureSetClass.h">
      <Filter>Source Files\Primitives</Filter>
    </ClInclude>
    <ClInclude Include="ShaderClass.h">
      <Filter>Source Files\Primitives</Filter>
    </ClInclude>
    <ClInclude Include="DisplayPlaneClass.h">
      <Filter>Source Files\Collections</Filter>
    </ClInclude>
    <ClInclude Include="GameObjectClass.h">
      <Filter>Source Files\Collections</Filter>
    </ClInclude>
    <ClInclude Include="TextClass.h">
      <Filter>Source Files\Collections</Filter>
    </ClInclude>
    <ClInclude Include="GameObjectClass2D.h">
      <Filter>Source Files\Collections</Filter>
    </ClInclude>
    <ClInclude Include="Settings.h">
      <Filter>Source Files\Managers</Filter>
    </ClInclude>
    <ClInclude Include="ParticleSystemClass.h">
      <Filter>Source Files\Collections</Filter>
    </ClInclude>
    <ClInclude Include="MathUtilsClass.h">
      <Filter>Source Files\Helpers</Filter>
    </ClInclude>
    <ClInclude Include="SceneClass.h">
      <Filter>Source Files\Scenes</Filter>
    </ClInclude>
    <ClInclude Include="SceneTestClass.h">
      <Filter>Source Files\Scenes</Filter>
    </ClInclude>
    <ClInclude Include="IShutdown.h">
      <Filter>Source Files\Interfaces</Filter>
    </ClInclude>
    <ClInclude Include="SceneOceanClass.h">
      <Filter>Source Files\Scenes</Filter>
    </ClInclude>
    <ClInclude Include="ShaderTessClass.h">
      <Filter>Source Files\Primitives</Filter>
    </ClInclude>
    <ClInclude Include="ModelLineListClass.h">
      <Filter>Source Files\Primitives</Filter>
    </ClInclude>
  </ItemGroup>
  <ItemGroup>
    <ClCompile Include="ApplicationClass.cpp">
      <Filter>Source Files\Managers</Filter>
    </ClCompile>
    <ClCompile Include="d3dclass.cpp">
      <Filter>Source Files\Managers</Filter>
    </ClCompile>
    <ClCompile Include="main.cpp">
      <Filter>Source Files\Managers</Filter>
    </ClCompile>
    <ClCompile Include="SystemClass.cpp">
      <Filter>Source Files\Managers</Filter>
    </ClCompile>
    <ClCompile Include="CameraClass.cpp">
      <Filter>Source Files\Helpers</Filter>
    </ClCompile>
    <ClCompile Include="FrustumClass.cpp">
      <Filter>Source Files\Helpers</Filter>
    </ClCompile>
    <ClCompile Include="InputClass.cpp">
      <Filter>Source Files\Helpers</Filter>
    </ClCompile>
    <ClCompile Include="TimerClass.cpp">
      <Filter>Source Files\Helpers</Filter>
    </ClCompile>
    <ClCompile Include="FPSClass.cpp">
      <Filter>Source Files\Helpers</Filter>
    </ClCompile>
    <ClCompile Include="TextClass.cpp">
      <Filter>Source Files\Collections</Filter>
    </ClCompile>
    <ClCompile Include="RenderClass.cpp">
      <Filter>Source Files\Managers</Filter>
    </ClCompile>
    <ClCompile Include="GameObjectClass2D.cpp">
      <Filter>Source Files\Collections</Filter>
    </ClCompile>
    <ClCompile Include="ModelParser.cpp">
      <Filter>Source Files\Helpers</Filter>
    </ClCompile>
    <ClCompile Include="GameObjectClass.cpp">
      <Filter>Source Files\Collections</Filter>
    </ClCompile>
    <ClCompile Include="DisplayPlaneClass.cpp">
      <Filter>Source Files\Collections</Filter>
    </ClCompile>
    <ClCompile Include="LightClass.cpp">
      <Filter>Source Files\Helpers</Filter>
    </ClCompile>
    <ClCompile Include="BitMapClass.cpp">
      <Filter>Source Files\Primitives</Filter>
    </ClCompile>
    <ClCompile Include="FontClass.cpp">
      <Filter>Source Files\Primitives</Filter>
    </ClCompile>
    <ClCompile Include="ModelClass.cpp">
      <Filter>Source Files\Primitives</Filter>
    </ClCompile>
    <ClCompile Include="RenderTextureClass.cpp">
      <Filter>Source Files\Primitives</Filter>
    </ClCompile>
    <ClCompile Include="ShaderClass.cpp">
      <Filter>Source Files\Primitives</Filter>
    </ClCompile>
    <ClCompile Include="TextureClass.cpp">
      <Filter>Source Files\Primitives</Filter>
    </ClCompile>
    <ClCompile Include="TextureSetClass.cpp">
      <Filter>Source Files\Primitives</Filter>
    </ClCompile>
    <ClCompile Include="Settings.cpp">
      <Filter>Source Files\Managers</Filter>
    </ClCompile>
    <ClCompile Include="ParticleSystemClass.cpp">
      <Filter>Source Files\Collections</Filter>
    </ClCompile>
    <ClCompile Include="MathUtilsClass.cpp">
      <Filter>Source Files\Helpers</Filter>
    </ClCompile>
    <ClCompile Include="SceneClass.cpp">
      <Filter>Source Files\Scenes</Filter>
    </ClCompile>
    <ClCompile Include="SceneTestClass.cpp">
      <Filter>Source Files\Scenes</Filter>
    </ClCompile>
    <ClCompile Include="IShutdown.cpp">
      <Filter>Source Files\Interfaces</Filter>
    </ClCompile>
    <ClCompile Include="SceneOceanClass.cpp">
      <Filter>Source Files\Scenes</Filter>
    </ClCompile>
    <ClCompile Include="ShaderTessClass.cpp">
      <Filter>Source Files\Primitives</Filter>
    </ClCompile>
    <ClCompile Include="ModelLineListClass.cpp">
      <Filter>Source Files\Primitives</Filter>
    </ClCompile>
  </ItemGroup>
  <ItemGroup>
    <None Include="Fog.vs">
      <Filter>Shaders</Filter>
    </None>
    <None Include="Fog.ps">
      <Filter>Shaders</Filter>
    </None>
    <None Include="README.md" />
    <None Include="Fractal.ps">
      <Filter>Shaders</Filter>
    </None>
    <None Include="Depth.vs">
      <Filter>Shaders</Filter>
    </None>
    <None Include="Depth.ps">
      <Filter>Shaders</Filter>
    </None>
    <None Include="Blur.ps">
      <Filter>Shaders\PostProcessing</Filter>
    </None>
    <None Include="MultiTex.ps">
      <Filter>Shaders\Deprecated</Filter>
    </None>
    <None Include="Light.vs">
      <Filter>Shaders\Deprecated</Filter>
    </None>
    <None Include="Filter.ps">
      <Filter>Shaders\PostProcessing</Filter>
    </None>
    <None Include="Blur.vs">
      <Filter>Shaders\Deprecated</Filter>
    </None>
    <None Include="2D.ps">
      <Filter>Shaders\2D</Filter>
    </None>
    <None Include="Font.ps">
      <Filter>Shaders\2D</Filter>
    </None>
    <None Include="Simple.vs">
      <Filter>Shaders\2D</Filter>
    </None>
    <None Include="Fire.ps">
      <Filter>Shaders\Effect</Filter>
    </None>
    <None Include="Reflect.ps">
      <Filter>Shaders\Effect</Filter>
    </None>
    <None Include="Reflect.vs">
      <Filter>Shaders\Effect</Filter>
    </None>
    <None Include="Water.ps">
      <Filter>Shaders\Effect</Filter>
    </None>
    <None Include="Water.vs">
      <Filter>Shaders\Effect</Filter>
    </None>
    <None Include="Skybox.vs">
      <Filter>Shaders</Filter>
    </None>
    <None Include="Skybox.ps">
      <Filter>Shaders</Filter>
    </None>
    <None Include="Particle.vs">
      <Filter>Shaders\Effect</Filter>
    </None>
    <None Include="Particle.ps">
      <Filter>Shaders\Effect</Filter>
    </None>
    <None Include="Portal.ps">
      <Filter>Shaders\2D</Filter>
    </None>
    <None Include="Ocean.vs">
      <Filter>Shaders</Filter>
    </None>
    <None Include="Ocean.ps">
      <Filter>Shaders</Filter>
    </None>
    <None Include="Ocean.hs">
      <Filter>Shaders</Filter>
    </None>
    <None Include="Ocean.ds">
      <Filter>Shaders</Filter>
    </None>
    <None Include="OceanTri.hs">
      <Filter>Shaders</Filter>
    </None>
    <None Include="OceanTri.ds">
      <Filter>Shaders</Filter>
    </None>
    <None Include="Line.vs">
      <Filter>Shaders</Filter>
    </None>
    <None Include="Line.ps">
      <Filter>Shaders</Filter>
    </None>
  </ItemGroup>
</Project>